// !$*UTF8*$!
{
	archiveVersion = 1;
	classes = {
	};
	objectVersion = 51;
	objects = {

/* Begin PBXBuildFile section */
		532E50EABCE9623CA53FA0B5 /* Pods_HappyMap.framework in Frameworks */ = {isa = PBXBuildFile; fileRef = 2639A1240A4C3F75B1CFCE34 /* Pods_HappyMap.framework */; };
		5EF2121C88763D80DEB7442F /* Pods_HappyMapUITests.framework in Frameworks */ = {isa = PBXBuildFile; fileRef = 86E390A10A6F4CC03C706DF7 /* Pods_HappyMapUITests.framework */; };
		9C1B9EBD2335F130006F1C6C /* AppDelegate.swift in Sources */ = {isa = PBXBuildFile; fileRef = 9C1B9EBC2335F130006F1C6C /* AppDelegate.swift */; };
		9C1B9EBF2335F130006F1C6C /* SceneDelegate.swift in Sources */ = {isa = PBXBuildFile; fileRef = 9C1B9EBE2335F130006F1C6C /* SceneDelegate.swift */; };
		9C1B9EC12335F130006F1C6C /* ViewController.swift in Sources */ = {isa = PBXBuildFile; fileRef = 9C1B9EC02335F130006F1C6C /* ViewController.swift */; };
		9C1B9EC42335F130006F1C6C /* Main.storyboard in Resources */ = {isa = PBXBuildFile; fileRef = 9C1B9EC22335F130006F1C6C /* Main.storyboard */; };
		9C1B9EC62335F135006F1C6C /* Assets.xcassets in Resources */ = {isa = PBXBuildFile; fileRef = 9C1B9EC52335F135006F1C6C /* Assets.xcassets */; };
		9C1B9EC92335F135006F1C6C /* LaunchScreen.storyboard in Resources */ = {isa = PBXBuildFile; fileRef = 9C1B9EC72335F135006F1C6C /* LaunchScreen.storyboard */; };
		9C1B9ED42335F136006F1C6C /* HappyMapTests.swift in Sources */ = {isa = PBXBuildFile; fileRef = 9C1B9ED32335F136006F1C6C /* HappyMapTests.swift */; };
		9C1B9EDF2335F136006F1C6C /* HappyMapUITests.swift in Sources */ = {isa = PBXBuildFile; fileRef = 9C1B9EDE2335F136006F1C6C /* HappyMapUITests.swift */; };
		9C67A7BB233615470074C83D /* MasterViewController.swift in Sources */ = {isa = PBXBuildFile; fileRef = 9C67A7BA233615470074C83D /* MasterViewController.swift */; };
		9C67A7BD233615760074C83D /* DetalViewController.swift in Sources */ = {isa = PBXBuildFile; fileRef = 9C67A7BC233615750074C83D /* DetalViewController.swift */; };
		9C774EDD233F0BA8008BC533 /* PositionCell.swift in Sources */ = {isa = PBXBuildFile; fileRef = 9C774EDC233F0BA8008BC533 /* PositionCell.swift */; };
		E2528693CE503EA346C7BD64 /* Pods_HappyMapTests.framework in Frameworks */ = {isa = PBXBuildFile; fileRef = 3EFF30075DEBCD219331B50E /* Pods_HappyMapTests.framework */; };
/* End PBXBuildFile section */

/* Begin PBXContainerItemProxy section */
		9C1B9ED02335F136006F1C6C /* PBXContainerItemProxy */ = {
			isa = PBXContainerItemProxy;
			containerPortal = 9C1B9EB12335F130006F1C6C /* Project object */;
			proxyType = 1;
			remoteGlobalIDString = 9C1B9EB82335F130006F1C6C;
			remoteInfo = HappyMap;
		};
		9C1B9EDB2335F136006F1C6C /* PBXContainerItemProxy */ = {
			isa = PBXContainerItemProxy;
			containerPortal = 9C1B9EB12335F130006F1C6C /* Project object */;
			proxyType = 1;
			remoteGlobalIDString = 9C1B9EB82335F130006F1C6C;
			remoteInfo = HappyMap;
		};
/* End PBXContainerItemProxy section */

/* Begin PBXFileReference section */
		0A08FB72C6563D189F36700C /* Pods-HappyMapTests.debug.xcconfig */ = {isa = PBXFileReference; includeInIndex = 1; lastKnownFileType = text.xcconfig; name = "Pods-HappyMapTests.debug.xcconfig"; path = "Target Support Files/Pods-HappyMapTests/Pods-HappyMapTests.debug.xcconfig"; sourceTree = "<group>"; };
		0F02FA86BC3F48BEE61087EC /* Pods-HappyMapTests.release.xcconfig */ = {isa = PBXFileReference; includeInIndex = 1; lastKnownFileType = text.xcconfig; name = "Pods-HappyMapTests.release.xcconfig"; path = "Target Support Files/Pods-HappyMapTests/Pods-HappyMapTests.release.xcconfig"; sourceTree = "<group>"; };
		203C5D67CC7C1D810EDF5162 /* Pods-HappyMapUITests.release.xcconfig */ = {isa = PBXFileReference; includeInIndex = 1; lastKnownFileType = text.xcconfig; name = "Pods-HappyMapUITests.release.xcconfig"; path = "Target Support Files/Pods-HappyMapUITests/Pods-HappyMapUITests.release.xcconfig"; sourceTree = "<group>"; };
		2639A1240A4C3F75B1CFCE34 /* Pods_HappyMap.framework */ = {isa = PBXFileReference; explicitFileType = wrapper.framework; includeInIndex = 0; path = Pods_HappyMap.framework; sourceTree = BUILT_PRODUCTS_DIR; };
		3EFF30075DEBCD219331B50E /* Pods_HappyMapTests.framework */ = {isa = PBXFileReference; explicitFileType = wrapper.framework; includeInIndex = 0; path = Pods_HappyMapTests.framework; sourceTree = BUILT_PRODUCTS_DIR; };
		7CEA17EF6DEB1D35409127A8 /* Pods-HappyMapUITests.debug.xcconfig */ = {isa = PBXFileReference; includeInIndex = 1; lastKnownFileType = text.xcconfig; name = "Pods-HappyMapUITests.debug.xcconfig"; path = "Target Support Files/Pods-HappyMapUITests/Pods-HappyMapUITests.debug.xcconfig"; sourceTree = "<group>"; };
		86E390A10A6F4CC03C706DF7 /* Pods_HappyMapUITests.framework */ = {isa = PBXFileReference; explicitFileType = wrapper.framework; includeInIndex = 0; path = Pods_HappyMapUITests.framework; sourceTree = BUILT_PRODUCTS_DIR; };
		990EFFE41F2297C93AE6EA7F /* Pods-HappyMap.release.xcconfig */ = {isa = PBXFileReference; includeInIndex = 1; lastKnownFileType = text.xcconfig; name = "Pods-HappyMap.release.xcconfig"; path = "Target Support Files/Pods-HappyMap/Pods-HappyMap.release.xcconfig"; sourceTree = "<group>"; };
		9C1B9EB92335F130006F1C6C /* HappyMap.app */ = {isa = PBXFileReference; explicitFileType = wrapper.application; includeInIndex = 0; path = HappyMap.app; sourceTree = BUILT_PRODUCTS_DIR; };
		9C1B9EBC2335F130006F1C6C /* AppDelegate.swift */ = {isa = PBXFileReference; lastKnownFileType = sourcecode.swift; path = AppDelegate.swift; sourceTree = "<group>"; };
		9C1B9EBE2335F130006F1C6C /* SceneDelegate.swift */ = {isa = PBXFileReference; lastKnownFileType = sourcecode.swift; path = SceneDelegate.swift; sourceTree = "<group>"; };
		9C1B9EC02335F130006F1C6C /* ViewController.swift */ = {isa = PBXFileReference; lastKnownFileType = sourcecode.swift; path = ViewController.swift; sourceTree = "<group>"; };
		9C1B9EC32335F130006F1C6C /* Base */ = {isa = PBXFileReference; lastKnownFileType = file.storyboard; name = Base; path = Base.lproj/Main.storyboard; sourceTree = "<group>"; };
		9C1B9EC52335F135006F1C6C /* Assets.xcassets */ = {isa = PBXFileReference; lastKnownFileType = folder.assetcatalog; path = Assets.xcassets; sourceTree = "<group>"; };
		9C1B9EC82335F135006F1C6C /* Base */ = {isa = PBXFileReference; lastKnownFileType = file.storyboard; name = Base; path = Base.lproj/LaunchScreen.storyboard; sourceTree = "<group>"; };
		9C1B9ECA2335F135006F1C6C /* Info.plist */ = {isa = PBXFileReference; lastKnownFileType = text.plist.xml; path = Info.plist; sourceTree = "<group>"; };
		9C1B9ECF2335F136006F1C6C /* HappyMapTests.xctest */ = {isa = PBXFileReference; explicitFileType = wrapper.cfbundle; includeInIndex = 0; path = HappyMapTests.xctest; sourceTree = BUILT_PRODUCTS_DIR; };
		9C1B9ED32335F136006F1C6C /* HappyMapTests.swift */ = {isa = PBXFileReference; lastKnownFileType = sourcecode.swift; path = HappyMapTests.swift; sourceTree = "<group>"; };
		9C1B9ED52335F136006F1C6C /* Info.plist */ = {isa = PBXFileReference; lastKnownFileType = text.plist.xml; path = Info.plist; sourceTree = "<group>"; };
		9C1B9EDA2335F136006F1C6C /* HappyMapUITests.xctest */ = {isa = PBXFileReference; explicitFileType = wrapper.cfbundle; includeInIndex = 0; path = HappyMapUITests.xctest; sourceTree = BUILT_PRODUCTS_DIR; };
		9C1B9EDE2335F136006F1C6C /* HappyMapUITests.swift */ = {isa = PBXFileReference; lastKnownFileType = sourcecode.swift; path = HappyMapUITests.swift; sourceTree = "<group>"; };
		9C1B9EE02335F136006F1C6C /* Info.plist */ = {isa = PBXFileReference; lastKnownFileType = text.plist.xml; path = Info.plist; sourceTree = "<group>"; };
		9C67A7BA233615470074C83D /* MasterViewController.swift */ = {isa = PBXFileReference; lastKnownFileType = sourcecode.swift; path = MasterViewController.swift; sourceTree = "<group>"; };
		9C67A7BC233615750074C83D /* DetalViewController.swift */ = {isa = PBXFileReference; lastKnownFileType = sourcecode.swift; path = DetalViewController.swift; sourceTree = "<group>"; };
		9C774EDC233F0BA8008BC533 /* PositionCell.swift */ = {isa = PBXFileReference; lastKnownFileType = sourcecode.swift; path = PositionCell.swift; sourceTree = "<group>"; };
		AB57844AC0A71CBC46B8B56C /* Pods-HappyMap.debug.xcconfig */ = {isa = PBXFileReference; includeInIndex = 1; lastKnownFileType = text.xcconfig; name = "Pods-HappyMap.debug.xcconfig"; path = "Target Support Files/Pods-HappyMap/Pods-HappyMap.debug.xcconfig"; sourceTree = "<group>"; };
/* End PBXFileReference section */

/* Begin PBXFrameworksBuildPhase section */
		9C1B9EB62335F130006F1C6C /* Frameworks */ = {
			isa = PBXFrameworksBuildPhase;
			buildActionMask = 2147483647;
			files = (
				532E50EABCE9623CA53FA0B5 /* Pods_HappyMap.framework in Frameworks */,
			);
			runOnlyForDeploymentPostprocessing = 0;
		};
		9C1B9ECC2335F136006F1C6C /* Frameworks */ = {
			isa = PBXFrameworksBuildPhase;
			buildActionMask = 2147483647;
			files = (
				E2528693CE503EA346C7BD64 /* Pods_HappyMapTests.framework in Frameworks */,
			);
			runOnlyForDeploymentPostprocessing = 0;
		};
		9C1B9ED72335F136006F1C6C /* Frameworks */ = {
			isa = PBXFrameworksBuildPhase;
			buildActionMask = 2147483647;
			files = (
				5EF2121C88763D80DEB7442F /* Pods_HappyMapUITests.framework in Frameworks */,
			);
			runOnlyForDeploymentPostprocessing = 0;
		};
/* End PBXFrameworksBuildPhase section */

/* Begin PBXGroup section */
		0C380BB77D7FB3D20F9D659C /* Frameworks */ = {
			isa = PBXGroup;
			children = (
				2639A1240A4C3F75B1CFCE34 /* Pods_HappyMap.framework */,
				3EFF30075DEBCD219331B50E /* Pods_HappyMapTests.framework */,
				86E390A10A6F4CC03C706DF7 /* Pods_HappyMapUITests.framework */,
			);
			name = Frameworks;
			sourceTree = "<group>";
		};
		9A500AC58D23B5B0BC22E4F3 /* Pods */ = {
			isa = PBXGroup;
			children = (
				AB57844AC0A71CBC46B8B56C /* Pods-HappyMap.debug.xcconfig */,
				990EFFE41F2297C93AE6EA7F /* Pods-HappyMap.release.xcconfig */,
				0A08FB72C6563D189F36700C /* Pods-HappyMapTests.debug.xcconfig */,
				0F02FA86BC3F48BEE61087EC /* Pods-HappyMapTests.release.xcconfig */,
				7CEA17EF6DEB1D35409127A8 /* Pods-HappyMapUITests.debug.xcconfig */,
				203C5D67CC7C1D810EDF5162 /* Pods-HappyMapUITests.release.xcconfig */,
			);
			path = Pods;
			sourceTree = "<group>";
		};
		9C1B9EB02335F130006F1C6C = {
			isa = PBXGroup;
			children = (
				9C1B9EBB2335F130006F1C6C /* HappyMap */,
				9C1B9ED22335F136006F1C6C /* HappyMapTests */,
				9C1B9EDD2335F136006F1C6C /* HappyMapUITests */,
				9C1B9EBA2335F130006F1C6C /* Products */,
				9A500AC58D23B5B0BC22E4F3 /* Pods */,
				0C380BB77D7FB3D20F9D659C /* Frameworks */,
			);
			sourceTree = "<group>";
		};
		9C1B9EBA2335F130006F1C6C /* Products */ = {
			isa = PBXGroup;
			children = (
				9C1B9EB92335F130006F1C6C /* HappyMap.app */,
				9C1B9ECF2335F136006F1C6C /* HappyMapTests.xctest */,
				9C1B9EDA2335F136006F1C6C /* HappyMapUITests.xctest */,
			);
			name = Products;
			sourceTree = "<group>";
		};
		9C1B9EBB2335F130006F1C6C /* HappyMap */ = {
			isa = PBXGroup;
			children = (
				9C1B9EBC2335F130006F1C6C /* AppDelegate.swift */,
				9C1B9EBE2335F130006F1C6C /* SceneDelegate.swift */,
				9C1B9EC02335F130006F1C6C /* ViewController.swift */,
				9C1B9EC22335F130006F1C6C /* Main.storyboard */,
				9C67A7BA233615470074C83D /* MasterViewController.swift */,
				9C67A7BC233615750074C83D /* DetalViewController.swift */,
				9C1B9EC52335F135006F1C6C /* Assets.xcassets */,
				9C1B9EC72335F135006F1C6C /* LaunchScreen.storyboard */,
				9C1B9ECA2335F135006F1C6C /* Info.plist */,
				9C774EDC233F0BA8008BC533 /* PositionCell.swift */,
			);
			path = HappyMap;
			sourceTree = "<group>";
		};
		9C1B9ED22335F136006F1C6C /* HappyMapTests */ = {
			isa = PBXGroup;
			children = (
				9C1B9ED32335F136006F1C6C /* HappyMapTests.swift */,
				9C1B9ED52335F136006F1C6C /* Info.plist */,
			);
			path = HappyMapTests;
			sourceTree = "<group>";
		};
		9C1B9EDD2335F136006F1C6C /* HappyMapUITests */ = {
			isa = PBXGroup;
			children = (
				9C1B9EDE2335F136006F1C6C /* HappyMapUITests.swift */,
				9C1B9EE02335F136006F1C6C /* Info.plist */,
			);
			path = HappyMapUITests;
			sourceTree = "<group>";
		};
/* End PBXGroup section */

/* Begin PBXNativeTarget section */
		9C1B9EB82335F130006F1C6C /* HappyMap */ = {
			isa = PBXNativeTarget;
			buildConfigurationList = 9C1B9EE32335F136006F1C6C /* Build configuration list for PBXNativeTarget "HappyMap" */;
			buildPhases = (
				FC06BD15BF34F0E207BF103A /* [CP] Check Pods Manifest.lock */,
				9C1B9EB52335F130006F1C6C /* Sources */,
				9C1B9EB62335F130006F1C6C /* Frameworks */,
				9C1B9EB72335F130006F1C6C /* Resources */,
				5C910D934AB4E1ABA5EA848C /* [CP] Embed Pods Frameworks */,
			);
			buildRules = (
			);
			dependencies = (
			);
			name = HappyMap;
			productName = HappyMap;
			productReference = 9C1B9EB92335F130006F1C6C /* HappyMap.app */;
			productType = "com.apple.product-type.application";
		};
		9C1B9ECE2335F136006F1C6C /* HappyMapTests */ = {
			isa = PBXNativeTarget;
			buildConfigurationList = 9C1B9EE62335F136006F1C6C /* Build configuration list for PBXNativeTarget "HappyMapTests" */;
			buildPhases = (
				6B2C3A6DA63A968BF89E6262 /* [CP] Check Pods Manifest.lock */,
				9C1B9ECB2335F136006F1C6C /* Sources */,
				9C1B9ECC2335F136006F1C6C /* Frameworks */,
				9C1B9ECD2335F136006F1C6C /* Resources */,
			);
			buildRules = (
			);
			dependencies = (
				9C1B9ED12335F136006F1C6C /* PBXTargetDependency */,
			);
			name = HappyMapTests;
			productName = HappyMapTests;
			productReference = 9C1B9ECF2335F136006F1C6C /* HappyMapTests.xctest */;
			productType = "com.apple.product-type.bundle.unit-test";
		};
		9C1B9ED92335F136006F1C6C /* HappyMapUITests */ = {
			isa = PBXNativeTarget;
			buildConfigurationList = 9C1B9EE92335F136006F1C6C /* Build configuration list for PBXNativeTarget "HappyMapUITests" */;
			buildPhases = (
				16003A92CE8F4EDBB05C595B /* [CP] Check Pods Manifest.lock */,
				9C1B9ED62335F136006F1C6C /* Sources */,
				9C1B9ED72335F136006F1C6C /* Frameworks */,
				9C1B9ED82335F136006F1C6C /* Resources */,
			);
			buildRules = (
			);
			dependencies = (
				9C1B9EDC2335F136006F1C6C /* PBXTargetDependency */,
			);
			name = HappyMapUITests;
			productName = HappyMapUITests;
			productReference = 9C1B9EDA2335F136006F1C6C /* HappyMapUITests.xctest */;
			productType = "com.apple.product-type.bundle.ui-testing";
		};
/* End PBXNativeTarget section */

/* Begin PBXProject section */
		9C1B9EB12335F130006F1C6C /* Project object */ = {
			isa = PBXProject;
			attributes = {
				LastSwiftUpdateCheck = 1100;
				LastUpgradeCheck = 1100;
				ORGANIZATIONNAME = Linda_Chen;
				TargetAttributes = {
					9C1B9EB82335F130006F1C6C = {
						CreatedOnToolsVersion = 11.0;
					};
					9C1B9ECE2335F136006F1C6C = {
						CreatedOnToolsVersion = 11.0;
						TestTargetID = 9C1B9EB82335F130006F1C6C;
					};
					9C1B9ED92335F136006F1C6C = {
						CreatedOnToolsVersion = 11.0;
						TestTargetID = 9C1B9EB82335F130006F1C6C;
					};
				};
			};
			buildConfigurationList = 9C1B9EB42335F130006F1C6C /* Build configuration list for PBXProject "HappyMap" */;
			compatibilityVersion = "Xcode 9.3";
			developmentRegion = en;
			hasScannedForEncodings = 0;
			knownRegions = (
				en,
				Base,
			);
			mainGroup = 9C1B9EB02335F130006F1C6C;
			productRefGroup = 9C1B9EBA2335F130006F1C6C /* Products */;
			projectDirPath = "";
			projectRoot = "";
			targets = (
				9C1B9EB82335F130006F1C6C /* HappyMap */,
				9C1B9ECE2335F136006F1C6C /* HappyMapTests */,
				9C1B9ED92335F136006F1C6C /* HappyMapUITests */,
			);
		};
/* End PBXProject section */

/* Begin PBXResourcesBuildPhase section */
		9C1B9EB72335F130006F1C6C /* Resources */ = {
			isa = PBXResourcesBuildPhase;
			buildActionMask = 2147483647;
			files = (
				9C1B9EC92335F135006F1C6C /* LaunchScreen.storyboard in Resources */,
				9C1B9EC62335F135006F1C6C /* Assets.xcassets in Resources */,
				9C1B9EC42335F130006F1C6C /* Main.storyboard in Resources */,
			);
			runOnlyForDeploymentPostprocessing = 0;
		};
		9C1B9ECD2335F136006F1C6C /* Resources */ = {
			isa = PBXResourcesBuildPhase;
			buildActionMask = 2147483647;
			files = (
			);
			runOnlyForDeploymentPostprocessing = 0;
		};
		9C1B9ED82335F136006F1C6C /* Resources */ = {
			isa = PBXResourcesBuildPhase;
			buildActionMask = 2147483647;
			files = (
			);
			runOnlyForDeploymentPostprocessing = 0;
		};
/* End PBXResourcesBuildPhase section */

/* Begin PBXShellScriptBuildPhase section */
		16003A92CE8F4EDBB05C595B /* [CP] Check Pods Manifest.lock */ = {
			isa = PBXShellScriptBuildPhase;
			buildActionMask = 2147483647;
			files = (
			);
			inputFileListPaths = (
			);
			inputPaths = (
				"${PODS_PODFILE_DIR_PATH}/Podfile.lock",
				"${PODS_ROOT}/Manifest.lock",
			);
			name = "[CP] Check Pods Manifest.lock";
			outputFileListPaths = (
			);
			outputPaths = (
				"$(DERIVED_FILE_DIR)/Pods-HappyMapUITests-checkManifestLockResult.txt",
			);
			runOnlyForDeploymentPostprocessing = 0;
			shellPath = /bin/sh;
			shellScript = "diff \"${PODS_PODFILE_DIR_PATH}/Podfile.lock\" \"${PODS_ROOT}/Manifest.lock\" > /dev/null\nif [ $? != 0 ] ; then\n    # print error to STDERR\n    echo \"error: The sandbox is not in sync with the Podfile.lock. Run 'pod install' or update your CocoaPods installation.\" >&2\n    exit 1\nfi\n# This output is used by Xcode 'outputs' to avoid re-running this script phase.\necho \"SUCCESS\" > \"${SCRIPT_OUTPUT_FILE_0}\"\n";
			showEnvVarsInLog = 0;
		};
		5C910D934AB4E1ABA5EA848C /* [CP] Embed Pods Frameworks */ = {
			isa = PBXShellScriptBuildPhase;
			buildActionMask = 2147483647;
			files = (
			);
			inputFileListPaths = (
				"${PODS_ROOT}/Target Support Files/Pods-HappyMap/Pods-HappyMap-frameworks-${CONFIGURATION}-input-files.xcfilelist",
			);
			name = "[CP] Embed Pods Frameworks";
			outputFileListPaths = (
				"${PODS_ROOT}/Target Support Files/Pods-HappyMap/Pods-HappyMap-frameworks-${CONFIGURATION}-output-files.xcfilelist",
			);
			runOnlyForDeploymentPostprocessing = 0;
			shellPath = /bin/sh;
			shellScript = "\"${PODS_ROOT}/Target Support Files/Pods-HappyMap/Pods-HappyMap-frameworks.sh\"\n";
			showEnvVarsInLog = 0;
		};
		6B2C3A6DA63A968BF89E6262 /* [CP] Check Pods Manifest.lock */ = {
			isa = PBXShellScriptBuildPhase;
			buildActionMask = 2147483647;
			files = (
			);
			inputFileListPaths = (
			);
			inputPaths = (
				"${PODS_PODFILE_DIR_PATH}/Podfile.lock",
				"${PODS_ROOT}/Manifest.lock",
			);
			name = "[CP] Check Pods Manifest.lock";
			outputFileListPaths = (
			);
			outputPaths = (
				"$(DERIVED_FILE_DIR)/Pods-HappyMapTests-checkManifestLockResult.txt",
			);
			runOnlyForDeploymentPostprocessing = 0;
			shellPath = /bin/sh;
			shellScript = "diff \"${PODS_PODFILE_DIR_PATH}/Podfile.lock\" \"${PODS_ROOT}/Manifest.lock\" > /dev/null\nif [ $? != 0 ] ; then\n    # print error to STDERR\n    echo \"error: The sandbox is not in sync with the Podfile.lock. Run 'pod install' or update your CocoaPods installation.\" >&2\n    exit 1\nfi\n# This output is used by Xcode 'outputs' to avoid re-running this script phase.\necho \"SUCCESS\" > \"${SCRIPT_OUTPUT_FILE_0}\"\n";
			showEnvVarsInLog = 0;
		};
		FC06BD15BF34F0E207BF103A /* [CP] Check Pods Manifest.lock */ = {
			isa = PBXShellScriptBuildPhase;
			buildActionMask = 2147483647;
			files = (
			);
			inputFileListPaths = (
			);
			inputPaths = (
				"${PODS_PODFILE_DIR_PATH}/Podfile.lock",
				"${PODS_ROOT}/Manifest.lock",
			);
			name = "[CP] Check Pods Manifest.lock";
			outputFileListPaths = (
			);
			outputPaths = (
				"$(DERIVED_FILE_DIR)/Pods-HappyMap-checkManifestLockResult.txt",
			);
			runOnlyForDeploymentPostprocessing = 0;
			shellPath = /bin/sh;
			shellScript = "diff \"${PODS_PODFILE_DIR_PATH}/Podfile.lock\" \"${PODS_ROOT}/Manifest.lock\" > /dev/null\nif [ $? != 0 ] ; then\n    # print error to STDERR\n    echo \"error: The sandbox is not in sync with the Podfile.lock. Run 'pod install' or update your CocoaPods installation.\" >&2\n    exit 1\nfi\n# This output is used by Xcode 'outputs' to avoid re-running this script phase.\necho \"SUCCESS\" > \"${SCRIPT_OUTPUT_FILE_0}\"\n";
			showEnvVarsInLog = 0;
		};
/* End PBXShellScriptBuildPhase section */

/* Begin PBXSourcesBuildPhase section */
		9C1B9EB52335F130006F1C6C /* Sources */ = {
			isa = PBXSourcesBuildPhase;
			buildActionMask = 2147483647;
			files = (
				9C67A7BB233615470074C83D /* MasterViewController.swift in Sources */,
				9C1B9EC12335F130006F1C6C /* ViewController.swift in Sources */,
				9C67A7BD233615760074C83D /* DetalViewController.swift in Sources */,
				9C1B9EBD2335F130006F1C6C /* AppDelegate.swift in Sources */,
				9C774EDD233F0BA8008BC533 /* PositionCell.swift in Sources */,
				9C1B9EBF2335F130006F1C6C /* SceneDelegate.swift in Sources */,
			);
			runOnlyForDeploymentPostprocessing = 0;
		};
		9C1B9ECB2335F136006F1C6C /* Sources */ = {
			isa = PBXSourcesBuildPhase;
			buildActionMask = 2147483647;
			files = (
				9C1B9ED42335F136006F1C6C /* HappyMapTests.swift in Sources */,
			);
			runOnlyForDeploymentPostprocessing = 0;
		};
		9C1B9ED62335F136006F1C6C /* Sources */ = {
			isa = PBXSourcesBuildPhase;
			buildActionMask = 2147483647;
			files = (
				9C1B9EDF2335F136006F1C6C /* HappyMapUITests.swift in Sources */,
			);
			runOnlyForDeploymentPostprocessing = 0;
		};
/* End PBXSourcesBuildPhase section */

/* Begin PBXTargetDependency section */
		9C1B9ED12335F136006F1C6C /* PBXTargetDependency */ = {
			isa = PBXTargetDependency;
			target = 9C1B9EB82335F130006F1C6C /* HappyMap */;
			targetProxy = 9C1B9ED02335F136006F1C6C /* PBXContainerItemProxy */;
		};
		9C1B9EDC2335F136006F1C6C /* PBXTargetDependency */ = {
			isa = PBXTargetDependency;
			target = 9C1B9EB82335F130006F1C6C /* HappyMap */;
			targetProxy = 9C1B9EDB2335F136006F1C6C /* PBXContainerItemProxy */;
		};
/* End PBXTargetDependency section */

/* Begin PBXVariantGroup section */
		9C1B9EC22335F130006F1C6C /* Main.storyboard */ = {
			isa = PBXVariantGroup;
			children = (
				9C1B9EC32335F130006F1C6C /* Base */,
			);
			name = Main.storyboard;
			sourceTree = "<group>";
		};
		9C1B9EC72335F135006F1C6C /* LaunchScreen.storyboard */ = {
			isa = PBXVariantGroup;
			children = (
				9C1B9EC82335F135006F1C6C /* Base */,
			);
			name = LaunchScreen.storyboard;
			sourceTree = "<group>";
		};
/* End PBXVariantGroup section */

/* Begin XCBuildConfiguration section */
		9C1B9EE12335F136006F1C6C /* Debug */ = {
			isa = XCBuildConfiguration;
			buildSettings = {
				ALWAYS_SEARCH_USER_PATHS = NO;
				CLANG_ANALYZER_NONNULL = YES;
				CLANG_ANALYZER_NUMBER_OBJECT_CONVERSION = YES_AGGRESSIVE;
				CLANG_CXX_LANGUAGE_STANDARD = "gnu++14";
				CLANG_CXX_LIBRARY = "libc++";
				CLANG_ENABLE_MODULES = YES;
				CLANG_ENABLE_OBJC_ARC = YES;
				CLANG_ENABLE_OBJC_WEAK = YES;
				CLANG_WARN_BLOCK_CAPTURE_AUTORELEASING = YES;
				CLANG_WARN_BOOL_CONVERSION = YES;
				CLANG_WARN_COMMA = YES;
				CLANG_WARN_CONSTANT_CONVERSION = YES;
				CLANG_WARN_DEPRECATED_OBJC_IMPLEMENTATIONS = YES;
				CLANG_WARN_DIRECT_OBJC_ISA_USAGE = YES_ERROR;
				CLANG_WARN_DOCUMENTATION_COMMENTS = YES;
				CLANG_WARN_EMPTY_BODY = YES;
				CLANG_WARN_ENUM_CONVERSION = YES;
				CLANG_WARN_INFINITE_RECURSION = YES;
				CLANG_WARN_INT_CONVERSION = YES;
				CLANG_WARN_NON_LITERAL_NULL_CONVERSION = YES;
				CLANG_WARN_OBJC_IMPLICIT_RETAIN_SELF = YES;
				CLANG_WARN_OBJC_LITERAL_CONVERSION = YES;
				CLANG_WARN_OBJC_ROOT_CLASS = YES_ERROR;
				CLANG_WARN_RANGE_LOOP_ANALYSIS = YES;
				CLANG_WARN_STRICT_PROTOTYPES = YES;
				CLANG_WARN_SUSPICIOUS_MOVE = YES;
				CLANG_WARN_UNGUARDED_AVAILABILITY = YES_AGGRESSIVE;
				CLANG_WARN_UNREACHABLE_CODE = YES;
				CLANG_WARN__DUPLICATE_METHOD_MATCH = YES;
				COPY_PHASE_STRIP = NO;
				DEBUG_INFORMATION_FORMAT = dwarf;
				ENABLE_STRICT_OBJC_MSGSEND = YES;
				ENABLE_TESTABILITY = YES;
				GCC_C_LANGUAGE_STANDARD = gnu11;
				GCC_DYNAMIC_NO_PIC = NO;
				GCC_NO_COMMON_BLOCKS = YES;
				GCC_OPTIMIZATION_LEVEL = 0;
				GCC_PREPROCESSOR_DEFINITIONS = (
					"DEBUG=1",
					"$(inherited)",
				);
				GCC_WARN_64_TO_32_BIT_CONVERSION = YES;
				GCC_WARN_ABOUT_RETURN_TYPE = YES_ERROR;
				GCC_WARN_UNDECLARED_SELECTOR = YES;
				GCC_WARN_UNINITIALIZED_AUTOS = YES_AGGRESSIVE;
				GCC_WARN_UNUSED_FUNCTION = YES;
				GCC_WARN_UNUSED_VARIABLE = YES;
				IPHONEOS_DEPLOYMENT_TARGET = 13.0;
				MTL_ENABLE_DEBUG_INFO = INCLUDE_SOURCE;
				MTL_FAST_MATH = YES;
				ONLY_ACTIVE_ARCH = YES;
				SDKROOT = iphoneos;
				SWIFT_ACTIVE_COMPILATION_CONDITIONS = DEBUG;
				SWIFT_OPTIMIZATION_LEVEL = "-Onone";
			};
			name = Debug;
		};
		9C1B9EE22335F136006F1C6C /* Release */ = {
			isa = XCBuildConfiguration;
			buildSettings = {
				ALWAYS_SEARCH_USER_PATHS = NO;
				CLANG_ANALYZER_NONNULL = YES;
				CLANG_ANALYZER_NUMBER_OBJECT_CONVERSION = YES_AGGRESSIVE;
				CLANG_CXX_LANGUAGE_STANDARD = "gnu++14";
				CLANG_CXX_LIBRARY = "libc++";
				CLANG_ENABLE_MODULES = YES;
				CLANG_ENABLE_OBJC_ARC = YES;
				CLANG_ENABLE_OBJC_WEAK = YES;
				CLANG_WARN_BLOCK_CAPTURE_AUTORELEASING = YES;
				CLANG_WARN_BOOL_CONVERSION = YES;
				CLANG_WARN_COMMA = YES;
				CLANG_WARN_CONSTANT_CONVERSION = YES;
				CLANG_WARN_DEPRECATED_OBJC_IMPLEMENTATIONS = YES;
				CLANG_WARN_DIRECT_OBJC_ISA_USAGE = YES_ERROR;
				CLANG_WARN_DOCUMENTATION_COMMENTS = YES;
				CLANG_WARN_EMPTY_BODY = YES;
				CLANG_WARN_ENUM_CONVERSION = YES;
				CLANG_WARN_INFINITE_RECURSION = YES;
				CLANG_WARN_INT_CONVERSION = YES;
				CLANG_WARN_NON_LITERAL_NULL_CONVERSION = YES;
				CLANG_WARN_OBJC_IMPLICIT_RETAIN_SELF = YES;
				CLANG_WARN_OBJC_LITERAL_CONVERSION = YES;
				CLANG_WARN_OBJC_ROOT_CLASS = YES_ERROR;
				CLANG_WARN_RANGE_LOOP_ANALYSIS = YES;
				CLANG_WARN_STRICT_PROTOTYPES = YES;
				CLANG_WARN_SUSPICIOUS_MOVE = YES;
				CLANG_WARN_UNGUARDED_AVAILABILITY = YES_AGGRESSIVE;
				CLANG_WARN_UNREACHABLE_CODE = YES;
				CLANG_WARN__DUPLICATE_METHOD_MATCH = YES;
				COPY_PHASE_STRIP = NO;
				DEBUG_INFORMATION_FORMAT = "dwarf-with-dsym";
				ENABLE_NS_ASSERTIONS = NO;
				ENABLE_STRICT_OBJC_MSGSEND = YES;
				GCC_C_LANGUAGE_STANDARD = gnu11;
				GCC_NO_COMMON_BLOCKS = YES;
				GCC_WARN_64_TO_32_BIT_CONVERSION = YES;
				GCC_WARN_ABOUT_RETURN_TYPE = YES_ERROR;
				GCC_WARN_UNDECLARED_SELECTOR = YES;
				GCC_WARN_UNINITIALIZED_AUTOS = YES_AGGRESSIVE;
				GCC_WARN_UNUSED_FUNCTION = YES;
				GCC_WARN_UNUSED_VARIABLE = YES;
				IPHONEOS_DEPLOYMENT_TARGET = 13.0;
				MTL_ENABLE_DEBUG_INFO = NO;
				MTL_FAST_MATH = YES;
				SDKROOT = iphoneos;
				SWIFT_COMPILATION_MODE = wholemodule;
				SWIFT_OPTIMIZATION_LEVEL = "-O";
				VALIDATE_PRODUCT = YES;
			};
			name = Release;
		};
		9C1B9EE42335F136006F1C6C /* Debug */ = {
			isa = XCBuildConfiguration;
			baseConfigurationReference = AB57844AC0A71CBC46B8B56C /* Pods-HappyMap.debug.xcconfig */;
			buildSettings = {
				ASSETCATALOG_COMPILER_APPICON_NAME = AppIcon;
				CODE_SIGN_STYLE = Automatic;
				INFOPLIST_FILE = HappyMap/Info.plist;
				LD_RUNPATH_SEARCH_PATHS = (
					"$(inherited)",
					"@executable_path/Frameworks",
				);
				PRODUCT_BUNDLE_IDENTIFIER = tw.edu.fju.HappyMap;
				PRODUCT_NAME = "$(TARGET_NAME)";
				SWIFT_VERSION = 5.0;
				TARGETED_DEVICE_FAMILY = "1,2";
			};
			name = Debug;
		};
		9C1B9EE52335F136006F1C6C /* Release */ = {
			isa = XCBuildConfiguration;
			baseConfigurationReference = 990EFFE41F2297C93AE6EA7F /* Pods-HappyMap.release.xcconfig */;
			buildSettings = {
				ASSETCATALOG_COMPILER_APPICON_NAME = AppIcon;
				CODE_SIGN_STYLE = Automatic;
				INFOPLIST_FILE = HappyMap/Info.plist;
				LD_RUNPATH_SEARCH_PATHS = (
					"$(inherited)",
					"@executable_path/Frameworks",
				);
				PRODUCT_BUNDLE_IDENTIFIER = tw.edu.fju.HappyMap;
				PRODUCT_NAME = "$(TARGET_NAME)";
				SWIFT_VERSION = 5.0;
				TARGETED_DEVICE_FAMILY = "1,2";
			};
			name = Release;
		};
		9C1B9EE72335F136006F1C6C /* Debug */ = {
			isa = XCBuildConfiguration;
			baseConfigurationReference = 0A08FB72C6563D189F36700C /* Pods-HappyMapTests.debug.xcconfig */;
			buildSettings = {
				ALWAYS_EMBED_SWIFT_STANDARD_LIBRARIES = YES;
				BUNDLE_LOADER = "$(TEST_HOST)";
				CODE_SIGN_STYLE = Automatic;
				INFOPLIST_FILE = HappyMapTests/Info.plist;
				IPHONEOS_DEPLOYMENT_TARGET = 13.0;
				LD_RUNPATH_SEARCH_PATHS = (
					"$(inherited)",
					"@executable_path/Frameworks",
					"@loader_path/Frameworks",
				);
				PRODUCT_BUNDLE_IDENTIFIER = tw.edu.fju.HappyMapTests;
				PRODUCT_NAME = "$(TARGET_NAME)";
				SWIFT_VERSION = 5.0;
				TARGETED_DEVICE_FAMILY = "1,2";
				TEST_HOST = "$(BUILT_PRODUCTS_DIR)/HappyMap.app/HappyMap";
			};
			name = Debug;
		};
		9C1B9EE82335F136006F1C6C /* Release */ = {
			isa = XCBuildConfiguration;
			baseConfigurationReference = 0F02FA86BC3F48BEE61087EC /* Pods-HappyMapTests.release.xcconfig */;
			buildSettings = {
				ALWAYS_EMBED_SWIFT_STANDARD_LIBRARIES = YES;
				BUNDLE_LOADER = "$(TEST_HOST)";
				CODE_SIGN_STYLE = Automatic;
				INFOPLIST_FILE = HappyMapTests/Info.plist;
				IPHONEOS_DEPLOYMENT_TARGET = 13.0;
				LD_RUNPATH_SEARCH_PATHS = (
					"$(inherited)",
					"@executable_path/Frameworks",
					"@loader_path/Frameworks",
				);
				PRODUCT_BUNDLE_IDENTIFIER = tw.edu.fju.HappyMapTests;
				PRODUCT_NAME = "$(TARGET_NAME)";
				SWIFT_VERSION = 5.0;
				TARGETED_DEVICE_FAMILY = "1,2";
				TEST_HOST = "$(BUILT_PRODUCTS_DIR)/HappyMap.app/HappyMap";
			};
			name = Release;
		};
		9C1B9EEA2335F136006F1C6C /* Debug */ = {
			isa = XCBuildConfiguration;
			baseConfigurationReference = 7CEA17EF6DEB1D35409127A8 /* Pods-HappyMapUITests.debug.xcconfig */;
			buildSettings = {
				ALWAYS_EMBED_SWIFT_STANDARD_LIBRARIES = YES;
				CODE_SIGN_STYLE = Automatic;
				INFOPLIST_FILE = HappyMapUITests/Info.plist;
				LD_RUNPATH_SEARCH_PATHS = (
					"$(inherited)",
					"@executable_path/Frameworks",
					"@loader_path/Frameworks",
				);
				PRODUCT_BUNDLE_IDENTIFIER = tw.edu.fju.HappyMapUITests;
				PRODUCT_NAME = "$(TARGET_NAME)";
				SWIFT_VERSION = 5.0;
				TARGETED_DEVICE_FAMILY = "1,2";
				TEST_TARGET_NAME = HappyMap;
			};
			name = Debug;
		};
		9C1B9EEB2335F136006F1C6C /* Release */ = {
			isa = XCBuildConfiguration;
			baseConfigurationReference = 203C5D67CC7C1D810EDF5162 /* Pods-HappyMapUITests.release.xcconfig */;
			buildSettings = {
				ALWAYS_EMBED_SWIFT_STANDARD_LIBRARIES = YES;
				CODE_SIGN_STYLE = Automatic;
				INFOPLIST_FILE = HappyMapUITests/Info.plist;
				LD_RUNPATH_SEARCH_PATHS = (
					"$(inherited)",
					"@executable_path/Frameworks",
					"@loader_path/Frameworks",
				);
				PRODUCT_BUNDLE_IDENTIFIER = tw.edu.fju.HappyMapUITests;
				PRODUCT_NAME = "$(TARGET_NAME)";
				SWIFT_VERSION = 5.0;
				TARGETED_DEVICE_FAMILY = "1,2";
				TEST_TARGET_NAME = HappyMap;
			};
			name = Release;
		};
/* End XCBuildConfiguration section */

/* Begin XCConfigurationList section */
		9C1B9EB42335F130006F1C6C /* Build configuration list for PBXProject "HappyMap" */ = {
			isa = XCConfigurationList;
			buildConfigurations = (
				9C1B9EE12335F136006F1C6C /* Debug */,
				9C1B9EE22335F136006F1C6C /* Release */,
			);
			defaultConfigurationIsVisible = 0;
			defaultConfigurationName = Release;
		};
		9C1B9EE32335F136006F1C6C /* Build configuration list for PBXNativeTarget "HappyMap" */ = {
			isa = XCConfigurationList;
			buildConfigurations = (
				9C1B9EE42335F136006F1C6C /* Debug */,
				9C1B9EE52335F136006F1C6C /* Release */,
			);
			defaultConfigurationIsVisible = 0;
			defaultConfigurationName = Release;
		};
		9C1B9EE62335F136006F1C6C /* Build configuration list for PBXNativeTarget "HappyMapTests" */ = {
			isa = XCConfigurationList;
			buildConfigurations = (
				9C1B9EE72335F136006F1C6C /* Debug */,
				9C1B9EE82335F136006F1C6C /* Release */,
			);
			defaultConfigurationIsVisible = 0;
			defaultConfigurationName = Release;
		};
		9C1B9EE92335F136006F1C6C /* Build configuration list for PBXNativeTarget "HappyMapUITests" */ = {
			isa = XCConfigurationList;
			buildConfigurations = (
				9C1B9EEA2335F136006F1C6C /* Debug */,
				9C1B9EEB2335F136006F1C6C /* Release */,
			);
			defaultConfigurationIsVisible = 0;
			defaultConfigurationName = Release;
		};
/* End XCConfigurationList section */
	};
	rootObject = 9C1B9EB12335F130006F1C6C /* Project object */;
}
